Microsoft Visual Studio Solution File, Format Version 12.00
# Visual Studio Version 17
VisualStudioVersion = 17.5.2.0
MinimumVisualStudioVersion = 10.0.40219.1
Project("{FAE04EC0-301F-11D3-BF4B-00C04F79EFBC}") = "memeCoinWebApp", "memeCoinWebApp.csproj", "{DC1C52D0-BDF1-96A3-BDF1-060F436808AD}"
EndProject
Global
	GlobalSection(SolutionConfigurationPlatforms) = preSolution
		Debug|Any CPU = Debug|Any CPU
		Release|Any CPU = Release|Any CPU
	EndGlobalSection
	GlobalSection(ProjectConfigurationPlatforms) = postSolution
		{DC1C52D0-BDF1-96A3-BDF1-060F436808AD}.Debug|Any CPU.ActiveCfg = Debug|Any CPU
		{DC1C52D0-BDF1-96A3-BDF1-060F436808AD}.Debug|Any CPU.Build.0 = Debug|Any CPU
		{DC1C52D0-BDF1-96A3-BDF1-060F436808AD}.Release|Any CPU.ActiveCfg = Release|Any CPU
		{DC1C52D0-BDF1-96A3-BDF1-060F436808AD}.Release|Any CPU.Build.0 = Release|Any CPU
	EndGlobalSection
	GlobalSection(SolutionProperties) = preSolution
		HideSolutionNode = FALSE
	EndGlobalSection
	GlobalSection(ExtensibilityGlobals) = postSolution
		SolutionGuid = {F92F56C6-E406-4050-8156-DE3A340FB3B9}
	EndGlobalSection
EndGlobal
